// !$*UTF8*$!
{
	archiveVersion = 1;
	classes = {
	};
	objectVersion = 50;
	objects = {

/* Begin PBXBuildFile section */
		CABB4EDC24DCDD7A0061F7A2 /* ButtonsList.swift in Sources */ = {isa = PBXBuildFile; fileRef = CABB4EDB24DCDD7A0061F7A2 /* ButtonsList.swift */; };
		CAEC55ED24DB77310059C65D /* AppDelegate.swift in Sources */ = {isa = PBXBuildFile; fileRef = CAEC55EC24DB77310059C65D /* AppDelegate.swift */; };
		CAEC55EF24DB77310059C65D /* SceneDelegate.swift in Sources */ = {isa = PBXBuildFile; fileRef = CAEC55EE24DB77310059C65D /* SceneDelegate.swift */; };
		CAEC55F124DB77310059C65D /* ContentView.swift in Sources */ = {isa = PBXBuildFile; fileRef = CAEC55F024DB77310059C65D /* ContentView.swift */; };
		CAEC55F324DB77320059C65D /* Assets.xcassets in Resources */ = {isa = PBXBuildFile; fileRef = CAEC55F224DB77320059C65D /* Assets.xcassets */; };
		CAEC55F624DB77320059C65D /* Preview Assets.xcassets in Resources */ = {isa = PBXBuildFile; fileRef = CAEC55F524DB77320059C65D /* Preview Assets.xcassets */; };
		CAEC55F924DB77320059C65D /* LaunchScreen.storyboard in Resources */ = {isa = PBXBuildFile; fileRef = CAEC55F724DB77320059C65D /* LaunchScreen.storyboard */; };
		CAEC560424DB795B0059C65D /* ButtonModel.swift in Sources */ = {isa = PBXBuildFile; fileRef = CAEC560324DB795B0059C65D /* ButtonModel.swift */; };
		CAEC560824DC27500059C65D /* ButtonView.swift in Sources */ = {isa = PBXBuildFile; fileRef = CAEC560724DC27500059C65D /* ButtonView.swift */; };
/* End PBXBuildFile section */

/* Begin PBXFileReference section */
		CABB4EDB24DCDD7A0061F7A2 /* ButtonsList.swift */ = {isa = PBXFileReference; lastKnownFileType = sourcecode.swift; path = ButtonsList.swift; sourceTree = "<group>"; };
		CAEC55E924DB77310059C65D /* Calculator.app */ = {isa = PBXFileReference; explicitFileType = wrapper.application; includeInIndex = 0; path = Calculator.app; sourceTree = BUILT_PRODUCTS_DIR; };
		CAEC55EC24DB77310059C65D /* AppDelegate.swift */ = {isa = PBXFileReference; lastKnownFileType = sourcecode.swift; path = AppDelegate.swift; sourceTree = "<group>"; };
		CAEC55EE24DB77310059C65D /* SceneDelegate.swift */ = {isa = PBXFileReference; lastKnownFileType = sourcecode.swift; path = SceneDelegate.swift; sourceTree = "<group>"; };
		CAEC55F024DB77310059C65D /* ContentView.swift */ = {isa = PBXFileReference; lastKnownFileType = sourcecode.swift; path = ContentView.swift; sourceTree = "<group>"; };
		CAEC55F224DB77320059C65D /* Assets.xcassets */ = {isa = PBXFileReference; lastKnownFileType = folder.assetcatalog; path = Assets.xcassets; sourceTree = "<group>"; };
		CAEC55F524DB77320059C65D /* Preview Assets.xcassets */ = {isa = PBXFileReference; lastKnownFileType = folder.assetcatalog; path = "Preview Assets.xcassets"; sourceTree = "<group>"; };
		CAEC55F824DB77320059C65D /* Base */ = {isa = PBXFileReference; lastKnownFileType = file.storyboard; name = Base; path = Base.lproj/LaunchScreen.storyboard; sourceTree = "<group>"; };
		CAEC55FA24DB77320059C65D /* Info.plist */ = {isa = PBXFileReference; lastKnownFileType = text.plist.xml; path = Info.plist; sourceTree = "<group>"; };
		CAEC560324DB795B0059C65D /* ButtonModel.swift */ = {isa = PBXFileReference; lastKnownFileType = sourcecode.swift; path = ButtonModel.swift; sourceTree = "<group>"; };
		CAEC560724DC27500059C65D /* ButtonView.swift */ = {isa = PBXFileReference; lastKnownFileType = sourcecode.swift; path = ButtonView.swift; sourceTree = "<group>"; };
/* End PBXFileReference section */

/* Begin PBXFrameworksBuildPhase section */
		CAEC55E624DB77300059C65D /* Frameworks */ = {
			isa = PBXFrameworksBuildPhase;
			buildActionMask = 2147483647;
			files = (
			);
			runOnlyForDeploymentPostprocessing = 0;
		};
/* End PBXFrameworksBuildPhase section */

/* Begin PBXGroup section */
		CAEC55E024DB77300059C65D = {
			isa = PBXGroup;
			children = (
				CAEC55EB24DB77310059C65D /* Calculator */,
				CAEC55EA24DB77310059C65D /* Products */,
			);
			sourceTree = "<group>";
		};
		CAEC55EA24DB77310059C65D /* Products */ = {
			isa = PBXGroup;
			children = (
				CAEC55E924DB77310059C65D /* Calculator.app */,
			);
			name = Products;
			sourceTree = "<group>";
		};
		CAEC55EB24DB77310059C65D /* Calculator */ = {
			isa = PBXGroup;
			children = (
				CAEC560224DB78F70059C65D /* ModelView */,
				CAEC560124DB78F10059C65D /* View */,
				CAEC560024DB78EA0059C65D /* Model */,
				CAEC55EC24DB77310059C65D /* AppDelegate.swift */,
				CAEC55EE24DB77310059C65D /* SceneDelegate.swift */,
				CAEC55F224DB77320059C65D /* Assets.xcassets */,
				CAEC55F724DB77320059C65D /* LaunchScreen.storyboard */,
				CAEC55FA24DB77320059C65D /* Info.plist */,
				CAEC55F424DB77320059C65D /* Preview Content */,
			);
			path = Calculator;
			sourceTree = "<group>";
		};
		CAEC55F424DB77320059C65D /* Preview Content */ = {
			isa = PBXGroup;
			children = (
				CAEC55F524DB77320059C65D /* Preview Assets.xcassets */,
			);
			path = "Preview Content";
			sourceTree = "<group>";
		};
		CAEC560024DB78EA0059C65D /* Model */ = {
			isa = PBXGroup;
			children = (
				CAEC560324DB795B0059C65D /* ButtonModel.swift */,
				CABB4EDB24DCDD7A0061F7A2 /* ButtonsList.swift */,
			);
			path = Model;
			sourceTree = "<group>";
		};
		CAEC560124DB78F10059C65D /* View */ = {
			isa = PBXGroup;
			children = (
				CAEC55F024DB77310059C65D /* ContentView.swift */,
				CAEC560724DC27500059C65D /* ButtonView.swift */,
			);
			path = View;
			sourceTree = "<group>";
		};
		CAEC560224DB78F70059C65D /* ModelView */ = {
			isa = PBXGroup;
			children = (
			);
			path = ModelView;
			sourceTree = "<group>";
		};
/* End PBXGroup section */

/* Begin PBXNativeTarget section */
		CAEC55E824DB77300059C65D /* Calculator */ = {
			isa = PBXNativeTarget;
			buildConfigurationList = CAEC55FD24DB77320059C65D /* Build configuration list for PBXNativeTarget "Calculator" */;
			buildPhases = (
				CAEC55E524DB77300059C65D /* Sources */,
				CAEC55E624DB77300059C65D /* Frameworks */,
				CAEC55E724DB77300059C65D /* Resources */,
			);
			buildRules = (
			);
			dependencies = (
			);
			name = Calculator;
			productName = Calculator;
			productReference = CAEC55E924DB77310059C65D /* Calculator.app */;
			productType = "com.apple.product-type.application";
		};
/* End PBXNativeTarget section */

/* Begin PBXProject section */
		CAEC55E124DB77300059C65D /* Project object */ = {
			isa = PBXProject;
			attributes = {
				LastSwiftUpdateCheck = 1150;
				LastUpgradeCheck = 1150;
				ORGANIZATIONNAME = "Jem Alvarez";
				TargetAttributes = {
					CAEC55E824DB77300059C65D = {
						CreatedOnToolsVersion = 11.5;
					};
				};
			};
			buildConfigurationList = CAEC55E424DB77300059C65D /* Build configuration list for PBXProject "Calculator" */;
			compatibilityVersion = "Xcode 9.3";
			developmentRegion = en;
			hasScannedForEncodings = 0;
			knownRegions = (
				en,
				Base,
			);
			mainGroup = CAEC55E024DB77300059C65D;
			productRefGroup = CAEC55EA24DB77310059C65D /* Products */;
			projectDirPath = "";
			projectRoot = "";
			targets = (
				CAEC55E824DB77300059C65D /* Calculator */,
			);
		};
/* End PBXProject section */

/* Begin PBXResourcesBuildPhase section */
		CAEC55E724DB77300059C65D /* Resources */ = {
			isa = PBXResourcesBuildPhase;
			buildActionMask = 2147483647;
			files = (
				CAEC55F924DB77320059C65D /* LaunchScreen.storyboard in Resources */,
				CAEC55F624DB77320059C65D /* Preview Assets.xcassets in Resources */,
				CAEC55F324DB77320059C65D /* Assets.xcassets in Resources */,
			);
			runOnlyForDeploymentPostprocessing = 0;
		};
/* End PBXResourcesBuildPhase section */

/* Begin PBXSourcesBuildPhase section */
		CAEC55E524DB77300059C65D /* Sources */ = {
			isa = PBXSourcesBuildPhase;
			buildActionMask = 2147483647;
			files = (
				CAEC55ED24DB77310059C65D /* AppDelegate.swift in Sources */,
				CAEC560424DB795B0059C65D /* ButtonModel.swift in Sources */,
				CAEC560824DC27500059C65D /* ButtonView.swift in Sources */,
				CAEC55EF24DB77310059C65D /* SceneDelegate.swift in Sources */,
				CAEC55F124DB77310059C65D /* ContentView.swift in Sources */,
				CABB4EDC24DCDD7A0061F7A2 /* ButtonsList.swift in Sources */,
			);
			runOnlyForDeploymentPostprocessing = 0;
		};
/* End PBXSourcesBuildPhase section */

/* Begin PBXVariantGroup section */
		CAEC55F724DB77320059C65D /* LaunchScreen.storyboard */ = {
			isa = PBXVariantGroup;
			children = (
				CAEC55F824DB77320059C65D /* Base */,
			);
			name = LaunchScreen.storyboard;
			sourceTree = "<group>";
		};
/* End PBXVariantGroup section */

/* Begin XCBuildConfiguration section */
		CAEC55FB24DB77320059C65D /* Debug */ = {
			isa = XCBuildConfiguration;
			buildSettings = {
				ALWAYS_SEARCH_USER_PATHS = NO;
				CLANG_ANALYZER_NONNULL = YES;
				CLANG_ANALYZER_NUMBER_OBJECT_CONVERSION = YES_AGGRESSIVE;
				CLANG_CXX_LANGUAGE_STANDARD = "gnu++14";
				CLANG_CXX_LIBRARY = "libc++";
				CLANG_ENABLE_MODULES = YES;
				CLANG_ENABLE_OBJC_ARC = YES;
				CLANG_ENABLE_OBJC_WEAK = YES;
				CLANG_WARN_BLOCK_CAPTURE_AUTORELEASING = YES;
				CLANG_WARN_BOOL_CONVERSION = YES;
				CLANG_WARN_COMMA = YES;
				CLANG_WARN_CONSTANT_CONVERSION = YES;
				CLANG_WARN_DEPRECATED_OBJC_IMPLEMENTATIONS = YES;
				CLANG_WARN_DIRECT_OBJC_ISA_USAGE = YES_ERROR;
				CLANG_WARN_DOCUMENTATION_COMMENTS = YES;
				CLANG_WARN_EMPTY_BODY = YES;
				CLANG_WARN_ENUM_CONVERSION = YES;
				CLANG_WARN_INFINITE_RECURSION = YES;
				CLANG_WARN_INT_CONVERSION = YES;
				CLANG_WARN_NON_LITERAL_NULL_CONVERSION = YES;
				CLANG_WARN_OBJC_IMPLICIT_RETAIN_SELF = YES;
				CLANG_WARN_OBJC_LITERAL_CONVERSION = YES;
				CLANG_WARN_OBJC_ROOT_CLASS = YES_ERROR;
				CLANG_WARN_RANGE_LOOP_ANALYSIS = YES;
				CLANG_WARN_STRICT_PROTOTYPES = YES;
				CLANG_WARN_SUSPICIOUS_MOVE = YES;
				CLANG_WARN_UNGUARDED_AVAILABILITY = YES_AGGRESSIVE;
				CLANG_WARN_UNREACHABLE_CODE = YES;
				CLANG_WARN__DUPLICATE_METHOD_MATCH = YES;
				COPY_PHASE_STRIP = NO;
				DEBUG_INFORMATION_FORMAT = dwarf;
				ENABLE_STRICT_OBJC_MSGSEND = YES;
				ENABLE_TESTABILITY = YES;
				GCC_C_LANGUAGE_STANDARD = gnu11;
				GCC_DYNAMIC_NO_PIC = NO;
				GCC_NO_COMMON_BLOCKS = YES;
				GCC_OPTIMIZATION_LEVEL = 0;
				GCC_PREPROCESSOR_DEFINITIONS = (
					"DEBUG=1",
					"$(inherited)",
				);
				GCC_WARN_64_TO_32_BIT_CONVERSION = YES;
				GCC_WARN_ABOUT_RETURN_TYPE = YES_ERROR;
				GCC_WARN_UNDECLARED_SELECTOR = YES;
				GCC_WARN_UNINITIALIZED_AUTOS = YES_AGGRESSIVE;
				GCC_WARN_UNUSED_FUNCTION = YES;
				GCC_WARN_UNUSED_VARIABLE = YES;
				IPHONEOS_DEPLOYMENT_TARGET = 13.5;
				MTL_ENABLE_DEBUG_INFO = INCLUDE_SOURCE;
				MTL_FAST_MATH = YES;
				ONLY_ACTIVE_ARCH = YES;
				SDKROOT = iphoneos;
				SWIFT_ACTIVE_COMPILATION_CONDITIONS = DEBUG;
				SWIFT_OPTIMIZATION_LEVEL = "-Onone";
			};
			name = Debug;
		};
		CAEC55FC24DB77320059C65D /* Release */ = {
			isa = XCBuildConfiguration;
			buildSettings = {
				ALWAYS_SEARCH_USER_PATHS = NO;
				CLANG_ANALYZER_NONNULL = YES;
				CLANG_ANALYZER_NUMBER_OBJECT_CONVERSION = YES_AGGRESSIVE;
				CLANG_CXX_LANGUAGE_STANDARD = "gnu++14";
				CLANG_CXX_LIBRARY = "libc++";
				CLANG_ENABLE_MODULES = YES;
				CLANG_ENABLE_OBJC_ARC = YES;
				CLANG_ENABLE_OBJC_WEAK = YES;
				CLANG_WARN_BLOCK_CAPTURE_AUTORELEASING = YES;
				CLANG_WARN_BOOL_CONVERSION = YES;
				CLANG_WARN_COMMA = YES;
				CLANG_WARN_CONSTANT_CONVERSION = YES;
				CLANG_WARN_DEPRECATED_OBJC_IMPLEMENTATIONS = YES;
				CLANG_WARN_DIRECT_OBJC_ISA_USAGE = YES_ERROR;
				CLANG_WARN_DOCUMENTATION_COMMENTS = YES;
				CLANG_WARN_EMPTY_BODY = YES;
				CLANG_WARN_ENUM_CONVERSION = YES;
				CLANG_WARN_INFINITE_RECURSION = YES;
				CLANG_WARN_INT_CONVERSION = YES;
				CLANG_WARN_NON_LITERAL_NULL_CONVERSION = YES;
				CLANG_WARN_OBJC_IMPLICIT_RETAIN_SELF = YES;
				CLANG_WARN_OBJC_LITERAL_CONVERSION = YES;
				CLANG_WARN_OBJC_ROOT_CLASS = YES_ERROR;
				CLANG_WARN_RANGE_LOOP_ANALYSIS = YES;
				CLANG_WARN_STRICT_PROTOTYPES = YES;
				CLANG_WARN_SUSPICIOUS_MOVE = YES;
				CLANG_WARN_UNGUARDED_AVAILABILITY = YES_AGGRESSIVE;
				CLANG_WARN_UNREACHABLE_CODE = YES;
				CLANG_WARN__DUPLICATE_METHOD_MATCH = YES;
				COPY_PHASE_STRIP = NO;
				DEBUG_INFORMATION_FORMAT = "dwarf-with-dsym";
				ENABLE_NS_ASSERTIONS = NO;
				ENABLE_STRICT_OBJC_MSGSEND = YES;
				GCC_C_LANGUAGE_STANDARD = gnu11;
				GCC_NO_COMMON_BLOCKS = YES;
				GCC_WARN_64_TO_32_BIT_CONVERSION = YES;
				GCC_WARN_ABOUT_RETURN_TYPE = YES_ERROR;
				GCC_WARN_UNDECLARED_SELECTOR = YES;
				GCC_WARN_UNINITIALIZED_AUTOS = YES_AGGRESSIVE;
				GCC_WARN_UNUSED_FUNCTION = YES;
				GCC_WARN_UNUSED_VARIABLE = YES;
				IPHONEOS_DEPLOYMENT_TARGET = 13.5;
				MTL_ENABLE_DEBUG_INFO = NO;
				MTL_FAST_MATH = YES;
				SDKROOT = iphoneos;
				SWIFT_COMPILATION_MODE = wholemodule;
				SWIFT_OPTIMIZATION_LEVEL = "-O";
				VALIDATE_PRODUCT = YES;
			};
			name = Release;
		};
		CAEC55FE24DB77320059C65D /* Debug */ = {
			isa = XCBuildConfiguration;
			buildSettings = {
				ASSETCATALOG_COMPILER_APPICON_NAME = AppIcon;
				CODE_SIGN_STYLE = Automatic;
				DEVELOPMENT_ASSET_PATHS = "\"Calculator/Preview Content\"";
				DEVELOPMENT_TEAM = HB3E67YK35;
				ENABLE_PREVIEWS = YES;
				INFOPLIST_FILE = Calculator/Info.plist;
				LD_RUNPATH_SEARCH_PATHS = (
					"$(inherited)",
					"@executable_path/Frameworks",
				);
				PRODUCT_BUNDLE_IDENTIFIER = com.jemalvarez.Calculator;
				PRODUCT_NAME = "$(TARGET_NAME)";
				SWIFT_VERSION = 5.0;
				TARGETED_DEVICE_FAMILY = 1;
			};
			name = Debug;
		};
		CAEC55FF24DB77320059C65D /* Release */ = {
			isa = XCBuildConfiguration;
			buildSettings = {
				ASSETCATALOG_COMPILER_APPICON_NAME = AppIcon;
				CODE_SIGN_STYLE = Automatic;
				DEVELOPMENT_ASSET_PATHS = "\"Calculator/Preview Content\"";
				DEVELOPMENT_TEAM = HB3E67YK35;
				ENABLE_PREVIEWS = YES;
				INFOPLIST_FILE = Calculator/Info.plist;
				LD_RUNPATH_SEARCH_PATHS = (
					"$(inherited)",
					"@executable_path/Frameworks",
				);
				PRODUCT_BUNDLE_IDENTIFIER = com.jemalvarez.Calculator;
				PRODUCT_NAME = "$(TARGET_NAME)";
				SWIFT_VERSION = 5.0;
				TARGETED_DEVICE_FAMILY = 1;
			};
			name = Release;
		};
/* End XCBuildConfiguration section */

/* Begin XCConfigurationList section */
		CAEC55E424DB77300059C65D /* Build configuration list for PBXProject "Calculator" */ = {
			isa = XCConfigurationList;
			buildConfigurations = (
				CAEC55FB24DB77320059C65D /* Debug */,
				CAEC55FC24DB77320059C65D /* Release */,
			);
			defaultConfigurationIsVisible = 0;
			defaultConfigurationName = Release;
		};
		CAEC55FD24DB77320059C65D /* Build configuration list for PBXNativeTarget "Calculator" */ = {
			isa = XCConfigurationList;
			buildConfigurations = (
				CAEC55FE24DB77320059C65D /* Debug */,
				CAEC55FF24DB77320059C65D /* Release */,
			);
			defaultConfigurationIsVisible = 0;
			defaultConfigurationName = Release;
		};
/* End XCConfigurationList section */
	};
	rootObject = CAEC55E124DB77300059C65D /* Project object */;
}
